
Microsoft Visual Studio Solution File, Format Version 12.00
Project("{2150E333-8FDC-42A3-9474-1A3956D46DE8}") = "src", "src", "{734A75BE-110D-48B3-9DBA-8F207DA8089A}"
EndProject
Project("{FAE04EC0-301F-11D3-BF4B-00C04F79EFBC}") = "Application", "Application\Application.csproj", "{57155EBE-CA9B-4EB9-8204-BE6FAF42DA9E}"
EndProject
Project("{FAE04EC0-301F-11D3-BF4B-00C04F79EFBC}") = "Domain", "Domain\Domain.csproj", "{A44A91B7-7EBC-47FA-BEFA-94E8A1CD3255}"
EndProject
Project("{FAE04EC0-301F-11D3-BF4B-00C04F79EFBC}") = "Infrastructure", "Infrastructure\Infrastructure.csproj", "{0AF70842-3335-43A6-9738-7FDE396668F9}"
EndProject
Project("{FAE04EC0-301F-11D3-BF4B-00C04F79EFBC}") = "YelloReader", "YelloReader\YelloReader.csproj", "{68105FFD-F27E-4838-AD4B-E7388A5B3111}"
EndProject
Project("{FAE04EC0-301F-11D3-BF4B-00C04F79EFBC}") = "YelloWriter", "YelloWriter\YelloWriter.csproj", "{8CB5C24E-A427-4448-BA41-0C189B41A7BB}"
EndProject
Global
	GlobalSection(SolutionConfigurationPlatforms) = preSolution
		Debug|Any CPU = Debug|Any CPU
		Release|Any CPU = Release|Any CPU
	EndGlobalSection
	GlobalSection(ProjectConfigurationPlatforms) = postSolution
		{57155EBE-CA9B-4EB9-8204-BE6FAF42DA9E}.Debug|Any CPU.ActiveCfg = Debug|Any CPU
		{57155EBE-CA9B-4EB9-8204-BE6FAF42DA9E}.Debug|Any CPU.Build.0 = Debug|Any CPU
		{57155EBE-CA9B-4EB9-8204-BE6FAF42DA9E}.Release|Any CPU.ActiveCfg = Release|Any CPU
		{57155EBE-CA9B-4EB9-8204-BE6FAF42DA9E}.Release|Any CPU.Build.0 = Release|Any CPU
		{A44A91B7-7EBC-47FA-BEFA-94E8A1CD3255}.Debug|Any CPU.ActiveCfg = Debug|Any CPU
		{A44A91B7-7EBC-47FA-BEFA-94E8A1CD3255}.Debug|Any CPU.Build.0 = Debug|Any CPU
		{A44A91B7-7EBC-47FA-BEFA-94E8A1CD3255}.Release|Any CPU.ActiveCfg = Release|Any CPU
		{A44A91B7-7EBC-47FA-BEFA-94E8A1CD3255}.Release|Any CPU.Build.0 = Release|Any CPU
		{0AF70842-3335-43A6-9738-7FDE396668F9}.Debug|Any CPU.ActiveCfg = Debug|Any CPU
		{0AF70842-3335-43A6-9738-7FDE396668F9}.Debug|Any CPU.Build.0 = Debug|Any CPU
		{0AF70842-3335-43A6-9738-7FDE396668F9}.Release|Any CPU.ActiveCfg = Release|Any CPU
		{0AF70842-3335-43A6-9738-7FDE396668F9}.Release|Any CPU.Build.0 = Release|Any CPU
		{68105FFD-F27E-4838-AD4B-E7388A5B3111}.Debug|Any CPU.ActiveCfg = Debug|Any CPU
		{68105FFD-F27E-4838-AD4B-E7388A5B3111}.Debug|Any CPU.Build.0 = Debug|Any CPU
		{68105FFD-F27E-4838-AD4B-E7388A5B3111}.Release|Any CPU.ActiveCfg = Release|Any CPU
		{68105FFD-F27E-4838-AD4B-E7388A5B3111}.Release|Any CPU.Build.0 = Release|Any CPU
		{8CB5C24E-A427-4448-BA41-0C189B41A7BB}.Debug|Any CPU.ActiveCfg = Debug|Any CPU
		{8CB5C24E-A427-4448-BA41-0C189B41A7BB}.Debug|Any CPU.Build.0 = Debug|Any CPU
		{8CB5C24E-A427-4448-BA41-0C189B41A7BB}.Release|Any CPU.ActiveCfg = Release|Any CPU
		{8CB5C24E-A427-4448-BA41-0C189B41A7BB}.Release|Any CPU.Build.0 = Release|Any CPU
	EndGlobalSection
	GlobalSection(NestedProjects) = preSolution
		{57155EBE-CA9B-4EB9-8204-BE6FAF42DA9E} = {734A75BE-110D-48B3-9DBA-8F207DA8089A}
		{A44A91B7-7EBC-47FA-BEFA-94E8A1CD3255} = {734A75BE-110D-48B3-9DBA-8F207DA8089A}
		{0AF70842-3335-43A6-9738-7FDE396668F9} = {734A75BE-110D-48B3-9DBA-8F207DA8089A}
		{8CB5C24E-A427-4448-BA41-0C189B41A7BB} = {734A75BE-110D-48B3-9DBA-8F207DA8089A}
		{68105FFD-F27E-4838-AD4B-E7388A5B3111} = {734A75BE-110D-48B3-9DBA-8F207DA8089A}
	EndGlobalSection
EndGlobal
